{
  "name": "tilibobia_npm",
  "version": "1.0.0",
  "lockfileVersion": 2,
  "requires": true,
  "packages": {
    "": {
      "name": "tilibobia_npm",
      "version": "1.0.0",
      "license": "ISC",
      "dependencies": {
        "jquery": "^3.6.0",
        "tilibobia_npm": "file:"
      }
    },
    "node_modules/jquery": {
      "version": "3.6.0",
      "resolved": "https://registry.npmjs.org/jquery/-/jquery-3.6.0.tgz",
      "integrity": "sha512-JVzAR/AjBvVt2BmYhxRCSYysDsPcssdmTFnzyLEts9qNwmjmu4JTAMYubEfwVOSwpQ1I1sKKFcxhZCI2buerfw=="
    },
    "node_modules/tilibobia_npm": {
      "resolved": "",
      "link": true
    }
  },
  "dependencies": {
    "jquery": {
      "version": "3.6.0",
      "resolved": "https://registry.npmjs.org/jquery/-/jquery-3.6.0.tgz",
      "integrity": "sha512-JVzAR/AjBvVt2BmYhxRCSYysDsPcssdmTFnzyLEts9qNwmjmu4JTAMYubEfwVOSwpQ1I1sKKFcxhZCI2buerfw=="
    },
    "tilibobia_npm": {
      "version": "file:",
      "requires": {
        "jquery": "*",
        "tilibobia_npm": "file:"
      },
      "dependencies": {
        "jquery": {
          "version": "3.6.0",
          "resolved": "https://registry.npmjs.org/jquery/-/jquery-3.6.0.tgz",
          "integrity": "sha512-JVzAR/AjBvVt2BmYhxRCSYysDsPcssdmTFnzyLEts9qNwmjmu4JTAMYubEfwVOSwpQ1I1sKKFcxhZCI2buerfw=="
        }
      }
    }
  }
}
